
Microsoft Visual Studio Solution File, Format Version 12.00
# Visual Studio Version 16
VisualStudioVersion = 16.0.30317.65
MinimumVisualStudioVersion = 10.0.40219.1
Project("{9A19103F-16F7-4668-BE54-9A1E7A4F7556}") = "MercuryNewMedia.App", "MercuryNewMedia.App\MercuryNewMedia.App.csproj", "{AB5E94D5-C510-4ED2-9B95-AEA996F48A8B}"
EndProject
Project("{FAE04EC0-301F-11D3-BF4B-00C04F79EFBC}") = "MercuryNewMedia.Data", "MercuryNewMedia.Data\MercuryNewMedia.Data\MercuryNewMedia.Data.csproj", "{56A5CDCE-AD12-40DD-A79E-67C9E5C79AFF}"
EndProject
Project("{FAE04EC0-301F-11D3-BF4B-00C04F79EFBC}") = "MercuryNewMedia.Services", "MercuryNewMedia.Services\MercuryNewMedia.Services\MercuryNewMedia.Services.csproj", "{D47B8BA2-93B4-4292-AF17-7715CA9F8904}"
EndProject
Global
	GlobalSection(SolutionConfigurationPlatforms) = preSolution
		Debug|Any CPU = Debug|Any CPU
		Release|Any CPU = Release|Any CPU
	EndGlobalSection
	GlobalSection(ProjectConfigurationPlatforms) = postSolution
		{AB5E94D5-C510-4ED2-9B95-AEA996F48A8B}.Debug|Any CPU.ActiveCfg = Debug|Any CPU
		{AB5E94D5-C510-4ED2-9B95-AEA996F48A8B}.Debug|Any CPU.Build.0 = Debug|Any CPU
		{AB5E94D5-C510-4ED2-9B95-AEA996F48A8B}.Release|Any CPU.ActiveCfg = Release|Any CPU
		{AB5E94D5-C510-4ED2-9B95-AEA996F48A8B}.Release|Any CPU.Build.0 = Release|Any CPU
		{56A5CDCE-AD12-40DD-A79E-67C9E5C79AFF}.Debug|Any CPU.ActiveCfg = Debug|Any CPU
		{56A5CDCE-AD12-40DD-A79E-67C9E5C79AFF}.Debug|Any CPU.Build.0 = Debug|Any CPU
		{56A5CDCE-AD12-40DD-A79E-67C9E5C79AFF}.Release|Any CPU.ActiveCfg = Release|Any CPU
		{56A5CDCE-AD12-40DD-A79E-67C9E5C79AFF}.Release|Any CPU.Build.0 = Release|Any CPU
		{D47B8BA2-93B4-4292-AF17-7715CA9F8904}.Debug|Any CPU.ActiveCfg = Debug|Any CPU
		{D47B8BA2-93B4-4292-AF17-7715CA9F8904}.Debug|Any CPU.Build.0 = Debug|Any CPU
		{D47B8BA2-93B4-4292-AF17-7715CA9F8904}.Release|Any CPU.ActiveCfg = Release|Any CPU
		{D47B8BA2-93B4-4292-AF17-7715CA9F8904}.Release|Any CPU.Build.0 = Release|Any CPU
	EndGlobalSection
	GlobalSection(SolutionProperties) = preSolution
		HideSolutionNode = FALSE
	EndGlobalSection
	GlobalSection(ExtensibilityGlobals) = postSolution
		SolutionGuid = {BFE66331-B074-4CCF-8581-4F0AE17BF1FD}
	EndGlobalSection
EndGlobal
